
Microsoft Visual Studio Solution File, Format Version 12.00
# Visual Studio Version 17
VisualStudioVersion = 17.2.32616.157
MinimumVisualStudioVersion = 10.0.40219.1
Project("{FAE04EC0-301F-11D3-BF4B-00C04F79EFBC}") = "Demo_MES", "Demo_MES\Demo_MES.csproj", "{114EEF11-1438-4F95-A495-81288952F95A}"
EndProject
Global
	GlobalSection(SolutionConfigurationPlatforms) = preSolution
		Debug|Any CPU = Debug|Any CPU
		Release|Any CPU = Release|Any CPU
	EndGlobalSection
	GlobalSection(ProjectConfigurationPlatforms) = postSolution
		{114EEF11-1438-4F95-A495-81288952F95A}.Debug|Any CPU.ActiveCfg = Debug|Any CPU
		{114EEF11-1438-4F95-A495-81288952F95A}.Debug|Any CPU.Build.0 = Debug|Any CPU
		{114EEF11-1438-4F95-A495-81288952F95A}.Release|Any CPU.ActiveCfg = Release|Any CPU
		{114EEF11-1438-4F95-A495-81288952F95A}.Release|Any CPU.Build.0 = Release|Any CPU
	EndGlobalSection
	GlobalSection(SolutionProperties) = preSolution
		HideSolutionNode = FALSE
	EndGlobalSection
	GlobalSection(ExtensibilityGlobals) = postSolution
		SolutionGuid = {3C6B3B9D-872C-44FD-A60E-AC85D243F8DF}
	EndGlobalSection
EndGlobal
